{
  "name": "beacon",
  "requires": true,
  "lockfileVersion": 1,
  "dependencies": {
    "object-assign": {
      "version": "4.1.1",
      "resolved": "https://registry.npmjs.org/object-assign/-/object-assign-4.1.1.tgz",
      "integrity": "sha1-IQmtx5ZYh8/AXLvUQsrIv7s2CGM="
    },
    "octicons": {
      "version": "8.3.0",
      "resolved": "https://registry.npmjs.org/octicons/-/octicons-8.3.0.tgz",
      "integrity": "sha512-zyc72Pz2TV4Ae3pcrmy9zUhG9QFU1CtS682Cp6fV4o36fskN+RJsaA1L5bFg6xMASDPX+glnjv0B7Tp1uz6J5A==",
      "requires": {
        "object-assign": "^4.1.1"
      }
    }
  }
}
