# THIS IS AN AUTOGENERATED FILE. DO NOT EDIT THIS FILE DIRECTLY.
# yarn lockfile v1


object-assign@^4.1.1:
  version "4.1.1"
  resolved "https://registry.yarnpkg.com/object-assign/-/object-assign-4.1.1.tgz#2109adc7965887cfc05cbbd442cac8bfbb360863"

octicons@^8.3.0:
  version "8.3.0"
  resolved "https://registry.yarnpkg.com/octicons/-/octicons-8.3.0.tgz#88206818d8b531317ede7d5e1bb53beee62b7a9e"
  dependencies:
    object-assign "^4.1.1"
